
Microsoft Visual Studio Solution File, Format Version 12.00
# Visual Studio for Mac
Project("{FAE04EC0-301F-11D3-BF4B-00C04F79EFBC}") = "Assembly-CSharp", "Assembly-CSharp.csproj", "{377C50B8-5187-166B-9E9D-AF64BBFD3651}"
EndProject
Project("{FAE04EC0-301F-11D3-BF4B-00C04F79EFBC}") = "MyBox", "MyBox.csproj", "{B666AC9C-7577-6733-9238-3CBC8C2956C9}"
EndProject
Global
	GlobalSection(SolutionConfigurationPlatforms) = preSolution
		Debug|Any CPU = Debug|Any CPU
		Release|Any CPU = Release|Any CPU
	EndGlobalSection
	GlobalSection(ProjectConfigurationPlatforms) = postSolution
		{377C50B8-5187-166B-9E9D-AF64BBFD3651}.Debug|Any CPU.ActiveCfg = Debug|Any CPU
		{377C50B8-5187-166B-9E9D-AF64BBFD3651}.Debug|Any CPU.Build.0 = Debug|Any CPU
		{377C50B8-5187-166B-9E9D-AF64BBFD3651}.Release|Any CPU.ActiveCfg = Release|Any CPU
		{377C50B8-5187-166B-9E9D-AF64BBFD3651}.Release|Any CPU.Build.0 = Release|Any CPU
		{B666AC9C-7577-6733-9238-3CBC8C2956C9}.Debug|Any CPU.ActiveCfg = Debug|Any CPU
		{B666AC9C-7577-6733-9238-3CBC8C2956C9}.Debug|Any CPU.Build.0 = Debug|Any CPU
		{B666AC9C-7577-6733-9238-3CBC8C2956C9}.Release|Any CPU.ActiveCfg = Release|Any CPU
		{B666AC9C-7577-6733-9238-3CBC8C2956C9}.Release|Any CPU.Build.0 = Release|Any CPU
	EndGlobalSection
	GlobalSection(SolutionProperties) = preSolution
		HideSolutionNode = FALSE
	EndGlobalSection
EndGlobal
